// !$*UTF8*$!
{
	archiveVersion = 1;
	classes = {
	};
	objectVersion = 51;
	objects = {

/* Begin PBXBuildFile section */
		0917FAFB23EDC74C002CFBFB /* CreateNewRecipeViewController.swift in Sources */ = {isa = PBXBuildFile; fileRef = 0917FAFA23EDC74C002CFBFB /* CreateNewRecipeViewController.swift */; };
		0928FD9E23EDE6D100C08717 /* RecipeDetailViewController.swift in Sources */ = {isa = PBXBuildFile; fileRef = 0928FD9D23EDE6D100C08717 /* RecipeDetailViewController.swift */; };
		0947D84123ED4ECB00C37982 /* AllRecipesViewController.swift in Sources */ = {isa = PBXBuildFile; fileRef = 0947D84023ED4ECB00C37982 /* AllRecipesViewController.swift */; };
		096FE56123ED352B0014A59F /* AppDelegate.swift in Sources */ = {isa = PBXBuildFile; fileRef = 096FE56023ED352B0014A59F /* AppDelegate.swift */; };
		096FE56323ED352B0014A59F /* SceneDelegate.swift in Sources */ = {isa = PBXBuildFile; fileRef = 096FE56223ED352B0014A59F /* SceneDelegate.swift */; };
		096FE56523ED352B0014A59F /* ViewController.swift in Sources */ = {isa = PBXBuildFile; fileRef = 096FE56423ED352B0014A59F /* ViewController.swift */; };
		096FE56823ED352B0014A59F /* Main.storyboard in Resources */ = {isa = PBXBuildFile; fileRef = 096FE56623ED352B0014A59F /* Main.storyboard */; };
		096FE56B23ED352B0014A59F /* RecipeAsia.xcdatamodeld in Sources */ = {isa = PBXBuildFile; fileRef = 096FE56923ED352B0014A59F /* RecipeAsia.xcdatamodeld */; };
		096FE56D23ED352E0014A59F /* Assets.xcassets in Resources */ = {isa = PBXBuildFile; fileRef = 096FE56C23ED352E0014A59F /* Assets.xcassets */; };
		096FE57023ED352E0014A59F /* LaunchScreen.storyboard in Resources */ = {isa = PBXBuildFile; fileRef = 096FE56E23ED352E0014A59F /* LaunchScreen.storyboard */; };
		096FE57823ED35730014A59F /* RecipeTypeViewController.swift in Sources */ = {isa = PBXBuildFile; fileRef = 096FE57723ED35720014A59F /* RecipeTypeViewController.swift */; };
		096FE57A23ED3CD40014A59F /* RecipeTypeCollectionViewCell.swift in Sources */ = {isa = PBXBuildFile; fileRef = 096FE57923ED3CD40014A59F /* RecipeTypeCollectionViewCell.swift */; };
		096FE57F23ED3D5F0014A59F /* recipetypes.xml in Resources */ = {isa = PBXBuildFile; fileRef = 096FE57D23ED3D5F0014A59F /* recipetypes.xml */; };
		09ACA1A523ED70ED004154F9 /* AllRecipeCollectionViewCell.swift in Sources */ = {isa = PBXBuildFile; fileRef = 09ACA1A423ED70ED004154F9 /* AllRecipeCollectionViewCell.swift */; };
		09E2768623ED413200BBD12D /* RecipeTypeModel.swift in Sources */ = {isa = PBXBuildFile; fileRef = 09E2768523ED413200BBD12D /* RecipeTypeModel.swift */; };
		789A91099E202986854331CA /* Pods_RecipeAsia.framework in Frameworks */ = {isa = PBXBuildFile; fileRef = 9FCBE3CB19148B781988BD57 /* Pods_RecipeAsia.framework */; };
/* End PBXBuildFile section */

/* Begin PBXFileReference section */
		0917FAFA23EDC74C002CFBFB /* CreateNewRecipeViewController.swift */ = {isa = PBXFileReference; lastKnownFileType = sourcecode.swift; path = CreateNewRecipeViewController.swift; sourceTree = "<group>"; };
		0928FD9D23EDE6D100C08717 /* RecipeDetailViewController.swift */ = {isa = PBXFileReference; lastKnownFileType = sourcecode.swift; path = RecipeDetailViewController.swift; sourceTree = "<group>"; };
		0947D84023ED4ECB00C37982 /* AllRecipesViewController.swift */ = {isa = PBXFileReference; lastKnownFileType = sourcecode.swift; path = AllRecipesViewController.swift; sourceTree = "<group>"; };
		096FE55D23ED352B0014A59F /* RecipeAsia.app */ = {isa = PBXFileReference; explicitFileType = wrapper.application; includeInIndex = 0; path = RecipeAsia.app; sourceTree = BUILT_PRODUCTS_DIR; };
		096FE56023ED352B0014A59F /* AppDelegate.swift */ = {isa = PBXFileReference; lastKnownFileType = sourcecode.swift; path = AppDelegate.swift; sourceTree = "<group>"; };
		096FE56223ED352B0014A59F /* SceneDelegate.swift */ = {isa = PBXFileReference; lastKnownFileType = sourcecode.swift; path = SceneDelegate.swift; sourceTree = "<group>"; };
		096FE56423ED352B0014A59F /* ViewController.swift */ = {isa = PBXFileReference; lastKnownFileType = sourcecode.swift; path = ViewController.swift; sourceTree = "<group>"; };
		096FE56723ED352B0014A59F /* Base */ = {isa = PBXFileReference; lastKnownFileType = file.storyboard; name = Base; path = Base.lproj/Main.storyboard; sourceTree = "<group>"; };
		096FE56A23ED352B0014A59F /* RecipeAsia.xcdatamodel */ = {isa = PBXFileReference; lastKnownFileType = wrapper.xcdatamodel; path = RecipeAsia.xcdatamodel; sourceTree = "<group>"; };
		096FE56C23ED352E0014A59F /* Assets.xcassets */ = {isa = PBXFileReference; lastKnownFileType = folder.assetcatalog; path = Assets.xcassets; sourceTree = "<group>"; };
		096FE56F23ED352E0014A59F /* Base */ = {isa = PBXFileReference; lastKnownFileType = file.storyboard; name = Base; path = Base.lproj/LaunchScreen.storyboard; sourceTree = "<group>"; };
		096FE57123ED352E0014A59F /* Info.plist */ = {isa = PBXFileReference; lastKnownFileType = text.plist.xml; path = Info.plist; sourceTree = "<group>"; };
		096FE57723ED35720014A59F /* RecipeTypeViewController.swift */ = {isa = PBXFileReference; lastKnownFileType = sourcecode.swift; path = RecipeTypeViewController.swift; sourceTree = "<group>"; };
		096FE57923ED3CD40014A59F /* RecipeTypeCollectionViewCell.swift */ = {isa = PBXFileReference; lastKnownFileType = sourcecode.swift; path = RecipeTypeCollectionViewCell.swift; sourceTree = "<group>"; };
		096FE57D23ED3D5F0014A59F /* recipetypes.xml */ = {isa = PBXFileReference; fileEncoding = 4; lastKnownFileType = text.xml; path = recipetypes.xml; sourceTree = "<group>"; };
		09ACA1A423ED70ED004154F9 /* AllRecipeCollectionViewCell.swift */ = {isa = PBXFileReference; lastKnownFileType = sourcecode.swift; path = AllRecipeCollectionViewCell.swift; sourceTree = "<group>"; };
		09E2768523ED413200BBD12D /* RecipeTypeModel.swift */ = {isa = PBXFileReference; lastKnownFileType = sourcecode.swift; path = RecipeTypeModel.swift; sourceTree = "<group>"; };
		1B23C09D9226E6884856F2F9 /* Pods-RecipeAsia.release.xcconfig */ = {isa = PBXFileReference; includeInIndex = 1; lastKnownFileType = text.xcconfig; name = "Pods-RecipeAsia.release.xcconfig"; path = "Target Support Files/Pods-RecipeAsia/Pods-RecipeAsia.release.xcconfig"; sourceTree = "<group>"; };
		9FCBE3CB19148B781988BD57 /* Pods_RecipeAsia.framework */ = {isa = PBXFileReference; explicitFileType = wrapper.framework; includeInIndex = 0; path = Pods_RecipeAsia.framework; sourceTree = BUILT_PRODUCTS_DIR; };
		BA462072F579E1F71FA90DB5 /* Pods-RecipeAsia.debug.xcconfig */ = {isa = PBXFileReference; includeInIndex = 1; lastKnownFileType = text.xcconfig; name = "Pods-RecipeAsia.debug.xcconfig"; path = "Target Support Files/Pods-RecipeAsia/Pods-RecipeAsia.debug.xcconfig"; sourceTree = "<group>"; };
/* End PBXFileReference section */

/* Begin PBXFrameworksBuildPhase section */
		096FE55A23ED352B0014A59F /* Frameworks */ = {
			isa = PBXFrameworksBuildPhase;
			buildActionMask = 2147483647;
			files = (
				789A91099E202986854331CA /* Pods_RecipeAsia.framework in Frameworks */,
			);
			runOnlyForDeploymentPostprocessing = 0;
		};
/* End PBXFrameworksBuildPhase section */

/* Begin PBXGroup section */
		0928FD9F23EDF2B200C08717 /* Recipe Detail */ = {
			isa = PBXGroup;
			children = (
				0928FD9D23EDE6D100C08717 /* RecipeDetailViewController.swift */,
			);
			name = "Recipe Detail";
			sourceTree = "<group>";
		};
		0928FDA023EDF2C200C08717 /* New Recipe */ = {
			isa = PBXGroup;
			children = (
				0917FAFA23EDC74C002CFBFB /* CreateNewRecipeViewController.swift */,
			);
			path = "New Recipe";
			sourceTree = "<group>";
		};
		096FE55423ED352B0014A59F = {
			isa = PBXGroup;
			children = (
				096FE55F23ED352B0014A59F /* RecipeAsia */,
				096FE55E23ED352B0014A59F /* Products */,
				DD17492B6E887815B7B9AB09 /* Pods */,
				828C451EE50E662C299E0D7E /* Frameworks */,
			);
			sourceTree = "<group>";
		};
		096FE55E23ED352B0014A59F /* Products */ = {
			isa = PBXGroup;
			children = (
				096FE55D23ED352B0014A59F /* RecipeAsia.app */,
			);
			name = Products;
			sourceTree = "<group>";
		};
		096FE55F23ED352B0014A59F /* RecipeAsia */ = {
			isa = PBXGroup;
			children = (
				096FE56023ED352B0014A59F /* AppDelegate.swift */,
				096FE56223ED352B0014A59F /* SceneDelegate.swift */,
				096FE56423ED352B0014A59F /* ViewController.swift */,
				0928FDA023EDF2C200C08717 /* New Recipe */,
				0928FD9F23EDF2B200C08717 /* Recipe Detail */,
				09ACA1A323ED708D004154F9 /* All Recipe */,
				096FE58023ED3DB30014A59F /* Recipe Type */,
				096FE56623ED352B0014A59F /* Main.storyboard */,
				096FE56C23ED352E0014A59F /* Assets.xcassets */,
				096FE56E23ED352E0014A59F /* LaunchScreen.storyboard */,
				096FE57123ED352E0014A59F /* Info.plist */,
				096FE56923ED352B0014A59F /* RecipeAsia.xcdatamodeld */,
				096FE57D23ED3D5F0014A59F /* recipetypes.xml */,
			);
			path = RecipeAsia;
			sourceTree = "<group>";
		};
		096FE58023ED3DB30014A59F /* Recipe Type */ = {
			isa = PBXGroup;
			children = (
				09E2768723ED417800BBD12D /* Recipe Type Model */,
				09E2768323ED410900BBD12D /* Recipe Type Controller */,
				09E2768423ED411900BBD12D /* Recipe Type Cells */,
			);
			path = "Recipe Type";
			sourceTree = "<group>";
		};
		0995F9DC23ED8E6100E31AD0 /* New Group */ = {
			isa = PBXGroup;
			children = (
				09ACA1A423ED70ED004154F9 /* AllRecipeCollectionViewCell.swift */,
			);
			path = "New Group";
			sourceTree = "<group>";
		};
		09ACA1A323ED708D004154F9 /* All Recipe */ = {
			isa = PBXGroup;
			children = (
				0947D84023ED4ECB00C37982 /* AllRecipesViewController.swift */,
				0995F9DC23ED8E6100E31AD0 /* New Group */,
			);
			path = "All Recipe";
			sourceTree = "<group>";
		};
		09E2768323ED410900BBD12D /* Recipe Type Controller */ = {
			isa = PBXGroup;
			children = (
				096FE57723ED35720014A59F /* RecipeTypeViewController.swift */,
			);
			path = "Recipe Type Controller";
			sourceTree = "<group>";
		};
		09E2768423ED411900BBD12D /* Recipe Type Cells */ = {
			isa = PBXGroup;
			children = (
				096FE57923ED3CD40014A59F /* RecipeTypeCollectionViewCell.swift */,
			);
			path = "Recipe Type Cells";
			sourceTree = "<group>";
		};
		09E2768723ED417800BBD12D /* Recipe Type Model */ = {
			isa = PBXGroup;
			children = (
				09E2768523ED413200BBD12D /* RecipeTypeModel.swift */,
			);
			path = "Recipe Type Model";
			sourceTree = "<group>";
		};
		828C451EE50E662C299E0D7E /* Frameworks */ = {
			isa = PBXGroup;
			children = (
				9FCBE3CB19148B781988BD57 /* Pods_RecipeAsia.framework */,
			);
			name = Frameworks;
			sourceTree = "<group>";
		};
		DD17492B6E887815B7B9AB09 /* Pods */ = {
			isa = PBXGroup;
			children = (
				BA462072F579E1F71FA90DB5 /* Pods-RecipeAsia.debug.xcconfig */,
				1B23C09D9226E6884856F2F9 /* Pods-RecipeAsia.release.xcconfig */,
			);
			path = Pods;
			sourceTree = "<group>";
		};
/* End PBXGroup section */

/* Begin PBXNativeTarget section */
		096FE55C23ED352B0014A59F /* RecipeAsia */ = {
			isa = PBXNativeTarget;
			buildConfigurationList = 096FE57423ED352E0014A59F /* Build configuration list for PBXNativeTarget "RecipeAsia" */;
			buildPhases = (
				25C57230B544743D3541E043 /* [CP] Check Pods Manifest.lock */,
				096FE55923ED352B0014A59F /* Sources */,
				096FE55A23ED352B0014A59F /* Frameworks */,
				096FE55B23ED352B0014A59F /* Resources */,
				18CBB67EC64D6DAFA657BC4A /* [CP] Embed Pods Frameworks */,
			);
			buildRules = (
			);
			dependencies = (
			);
			name = RecipeAsia;
			productName = RecipeAsia;
			productReference = 096FE55D23ED352B0014A59F /* RecipeAsia.app */;
			productType = "com.apple.product-type.application";
		};
/* End PBXNativeTarget section */

/* Begin PBXProject section */
		096FE55523ED352B0014A59F /* Project object */ = {
			isa = PBXProject;
			attributes = {
				LastSwiftUpdateCheck = 1130;
				LastUpgradeCheck = 1130;
				ORGANIZATIONNAME = "Shikha Sharma";
				TargetAttributes = {
					096FE55C23ED352B0014A59F = {
						CreatedOnToolsVersion = 11.3.1;
					};
				};
			};
			buildConfigurationList = 096FE55823ED352B0014A59F /* Build configuration list for PBXProject "RecipeAsia" */;
			compatibilityVersion = "Xcode 9.3";
			developmentRegion = en;
			hasScannedForEncodings = 0;
			knownRegions = (
				en,
				Base,
			);
			mainGroup = 096FE55423ED352B0014A59F;
			productRefGroup = 096FE55E23ED352B0014A59F /* Products */;
			projectDirPath = "";
			projectRoot = "";
			targets = (
				096FE55C23ED352B0014A59F /* RecipeAsia */,
			);
		};
/* End PBXProject section */

/* Begin PBXResourcesBuildPhase section */
		096FE55B23ED352B0014A59F /* Resources */ = {
			isa = PBXResourcesBuildPhase;
			buildActionMask = 2147483647;
			files = (
				096FE57023ED352E0014A59F /* LaunchScreen.storyboard in Resources */,
				096FE56D23ED352E0014A59F /* Assets.xcassets in Resources */,
				096FE56823ED352B0014A59F /* Main.storyboard in Resources */,
				096FE57F23ED3D5F0014A59F /* recipetypes.xml in Resources */,
			);
			runOnlyForDeploymentPostprocessing = 0;
		};
/* End PBXResourcesBuildPhase section */

/* Begin PBXShellScriptBuildPhase section */
		18CBB67EC64D6DAFA657BC4A /* [CP] Embed Pods Frameworks */ = {
			isa = PBXShellScriptBuildPhase;
			buildActionMask = 2147483647;
			files = (
			);
			inputFileListPaths = (
				"${PODS_ROOT}/Target Support Files/Pods-RecipeAsia/Pods-RecipeAsia-frameworks-${CONFIGURATION}-input-files.xcfilelist",
			);
			name = "[CP] Embed Pods Frameworks";
			outputFileListPaths = (
				"${PODS_ROOT}/Target Support Files/Pods-RecipeAsia/Pods-RecipeAsia-frameworks-${CONFIGURATION}-output-files.xcfilelist",
			);
			runOnlyForDeploymentPostprocessing = 0;
			shellPath = /bin/sh;
			shellScript = "\"${PODS_ROOT}/Target Support Files/Pods-RecipeAsia/Pods-RecipeAsia-frameworks.sh\"\n";
			showEnvVarsInLog = 0;
		};
		25C57230B544743D3541E043 /* [CP] Check Pods Manifest.lock */ = {
			isa = PBXShellScriptBuildPhase;
			buildActionMask = 2147483647;
			files = (
			);
			inputFileListPaths = (
			);
			inputPaths = (
				"${PODS_PODFILE_DIR_PATH}/Podfile.lock",
				"${PODS_ROOT}/Manifest.lock",
			);
			name = "[CP] Check Pods Manifest.lock";
			outputFileListPaths = (
			);
			outputPaths = (
				"$(DERIVED_FILE_DIR)/Pods-RecipeAsia-checkManifestLockResult.txt",
			);
			runOnlyForDeploymentPostprocessing = 0;
			shellPath = /bin/sh;
			shellScript = "diff \"${PODS_PODFILE_DIR_PATH}/Podfile.lock\" \"${PODS_ROOT}/Manifest.lock\" > /dev/null\nif [ $? != 0 ] ; then\n    # print error to STDERR\n    echo \"error: The sandbox is not in sync with the Podfile.lock. Run 'pod install' or update your CocoaPods installation.\" >&2\n    exit 1\nfi\n# This output is used by Xcode 'outputs' to avoid re-running this script phase.\necho \"SUCCESS\" > \"${SCRIPT_OUTPUT_FILE_0}\"\n";
			showEnvVarsInLog = 0;
		};
/* End PBXShellScriptBuildPhase section */

/* Begin PBXSourcesBuildPhase section */
		096FE55923ED352B0014A59F /* Sources */ = {
			isa = PBXSourcesBuildPhase;
			buildActionMask = 2147483647;
			files = (
				09ACA1A523ED70ED004154F9 /* AllRecipeCollectionViewCell.swift in Sources */,
				096FE56523ED352B0014A59F /* ViewController.swift in Sources */,
				096FE56B23ED352B0014A59F /* RecipeAsia.xcdatamodeld in Sources */,
				09E2768623ED413200BBD12D /* RecipeTypeModel.swift in Sources */,
				096FE57A23ED3CD40014A59F /* RecipeTypeCollectionViewCell.swift in Sources */,
				0917FAFB23EDC74C002CFBFB /* CreateNewRecipeViewController.swift in Sources */,
				096FE56123ED352B0014A59F /* AppDelegate.swift in Sources */,
				0928FD9E23EDE6D100C08717 /* RecipeDetailViewController.swift in Sources */,
				096FE57823ED35730014A59F /* RecipeTypeViewController.swift in Sources */,
				0947D84123ED4ECB00C37982 /* AllRecipesViewController.swift in Sources */,
				096FE56323ED352B0014A59F /* SceneDelegate.swift in Sources */,
			);
			runOnlyForDeploymentPostprocessing = 0;
		};
/* End PBXSourcesBuildPhase section */

/* Begin PBXVariantGroup section */
		096FE56623ED352B0014A59F /* Main.storyboard */ = {
			isa = PBXVariantGroup;
			children = (
				096FE56723ED352B0014A59F /* Base */,
			);
			name = Main.storyboard;
			sourceTree = "<group>";
		};
		096FE56E23ED352E0014A59F /* LaunchScreen.storyboard */ = {
			isa = PBXVariantGroup;
			children = (
				096FE56F23ED352E0014A59F /* Base */,
			);
			name = LaunchScreen.storyboard;
			sourceTree = "<group>";
		};
/* End PBXVariantGroup section */

/* Begin XCBuildConfiguration section */
		096FE57223ED352E0014A59F /* Debug */ = {
			isa = XCBuildConfiguration;
			buildSettings = {
				ALWAYS_SEARCH_USER_PATHS = NO;
				CLANG_ANALYZER_NONNULL = YES;
				CLANG_ANALYZER_NUMBER_OBJECT_CONVERSION = YES_AGGRESSIVE;
				CLANG_CXX_LANGUAGE_STANDARD = "gnu++14";
				CLANG_CXX_LIBRARY = "libc++";
				CLANG_ENABLE_MODULES = YES;
				CLANG_ENABLE_OBJC_ARC = YES;
				CLANG_ENABLE_OBJC_WEAK = YES;
				CLANG_WARN_BLOCK_CAPTURE_AUTORELEASING = YES;
				CLANG_WARN_BOOL_CONVERSION = YES;
				CLANG_WARN_COMMA = YES;
				CLANG_WARN_CONSTANT_CONVERSION = YES;
				CLANG_WARN_DEPRECATED_OBJC_IMPLEMENTATIONS = YES;
				CLANG_WARN_DIRECT_OBJC_ISA_USAGE = YES_ERROR;
				CLANG_WARN_DOCUMENTATION_COMMENTS = YES;
				CLANG_WARN_EMPTY_BODY = YES;
				CLANG_WARN_ENUM_CONVERSION = YES;
				CLANG_WARN_INFINITE_RECURSION = YES;
				CLANG_WARN_INT_CONVERSION = YES;
				CLANG_WARN_NON_LITERAL_NULL_CONVERSION = YES;
				CLANG_WARN_OBJC_IMPLICIT_RETAIN_SELF = YES;
				CLANG_WARN_OBJC_LITERAL_CONVERSION = YES;
				CLANG_WARN_OBJC_ROOT_CLASS = YES_ERROR;
				CLANG_WARN_RANGE_LOOP_ANALYSIS = YES;
				CLANG_WARN_STRICT_PROTOTYPES = YES;
				CLANG_WARN_SUSPICIOUS_MOVE = YES;
				CLANG_WARN_UNGUARDED_AVAILABILITY = YES_AGGRESSIVE;
				CLANG_WARN_UNREACHABLE_CODE = YES;
				CLANG_WARN__DUPLICATE_METHOD_MATCH = YES;
				COPY_PHASE_STRIP = NO;
				DEBUG_INFORMATION_FORMAT = dwarf;
				ENABLE_STRICT_OBJC_MSGSEND = YES;
				ENABLE_TESTABILITY = YES;
				GCC_C_LANGUAGE_STANDARD = gnu11;
				GCC_DYNAMIC_NO_PIC = NO;
				GCC_NO_COMMON_BLOCKS = YES;
				GCC_OPTIMIZATION_LEVEL = 0;
				GCC_PREPROCESSOR_DEFINITIONS = (
					"DEBUG=1",
					"$(inherited)",
				);
				GCC_WARN_64_TO_32_BIT_CONVERSION = YES;
				GCC_WARN_ABOUT_RETURN_TYPE = YES_ERROR;
				GCC_WARN_UNDECLARED_SELECTOR = YES;
				GCC_WARN_UNINITIALIZED_AUTOS = YES_AGGRESSIVE;
				GCC_WARN_UNUSED_FUNCTION = YES;
				GCC_WARN_UNUSED_VARIABLE = YES;
				IPHONEOS_DEPLOYMENT_TARGET = 13.2;
				MTL_ENABLE_DEBUG_INFO = INCLUDE_SOURCE;
				MTL_FAST_MATH = YES;
				ONLY_ACTIVE_ARCH = YES;
				SDKROOT = iphoneos;
				SWIFT_ACTIVE_COMPILATION_CONDITIONS = DEBUG;
				SWIFT_OPTIMIZATION_LEVEL = "-Onone";
			};
			name = Debug;
		};
		096FE57323ED352E0014A59F /* Release */ = {
			isa = XCBuildConfiguration;
			buildSettings = {
				ALWAYS_SEARCH_USER_PATHS = NO;
				CLANG_ANALYZER_NONNULL = YES;
				CLANG_ANALYZER_NUMBER_OBJECT_CONVERSION = YES_AGGRESSIVE;
				CLANG_CXX_LANGUAGE_STANDARD = "gnu++14";
				CLANG_CXX_LIBRARY = "libc++";
				CLANG_ENABLE_MODULES = YES;
				CLANG_ENABLE_OBJC_ARC = YES;
				CLANG_ENABLE_OBJC_WEAK = YES;
				CLANG_WARN_BLOCK_CAPTURE_AUTORELEASING = YES;
				CLANG_WARN_BOOL_CONVERSION = YES;
				CLANG_WARN_COMMA = YES;
				CLANG_WARN_CONSTANT_CONVERSION = YES;
				CLANG_WARN_DEPRECATED_OBJC_IMPLEMENTATIONS = YES;
				CLANG_WARN_DIRECT_OBJC_ISA_USAGE = YES_ERROR;
				CLANG_WARN_DOCUMENTATION_COMMENTS = YES;
				CLANG_WARN_EMPTY_BODY = YES;
				CLANG_WARN_ENUM_CONVERSION = YES;
				CLANG_WARN_INFINITE_RECURSION = YES;
				CLANG_WARN_INT_CONVERSION = YES;
				CLANG_WARN_NON_LITERAL_NULL_CONVERSION = YES;
				CLANG_WARN_OBJC_IMPLICIT_RETAIN_SELF = YES;
				CLANG_WARN_OBJC_LITERAL_CONVERSION = YES;
				CLANG_WARN_OBJC_ROOT_CLASS = YES_ERROR;
				CLANG_WARN_RANGE_LOOP_ANALYSIS = YES;
				CLANG_WARN_STRICT_PROTOTYPES = YES;
				CLANG_WARN_SUSPICIOUS_MOVE = YES;
				CLANG_WARN_UNGUARDED_AVAILABILITY = YES_AGGRESSIVE;
				CLANG_WARN_UNREACHABLE_CODE = YES;
				CLANG_WARN__DUPLICATE_METHOD_MATCH = YES;
				COPY_PHASE_STRIP = NO;
				DEBUG_INFORMATION_FORMAT = "dwarf-with-dsym";
				ENABLE_NS_ASSERTIONS = NO;
				ENABLE_STRICT_OBJC_MSGSEND = YES;
				GCC_C_LANGUAGE_STANDARD = gnu11;
				GCC_NO_COMMON_BLOCKS = YES;
				GCC_WARN_64_TO_32_BIT_CONVERSION = YES;
				GCC_WARN_ABOUT_RETURN_TYPE = YES_ERROR;
				GCC_WARN_UNDECLARED_SELECTOR = YES;
				GCC_WARN_UNINITIALIZED_AUTOS = YES_AGGRESSIVE;
				GCC_WARN_UNUSED_FUNCTION = YES;
				GCC_WARN_UNUSED_VARIABLE = YES;
				IPHONEOS_DEPLOYMENT_TARGET = 13.2;
				MTL_ENABLE_DEBUG_INFO = NO;
				MTL_FAST_MATH = YES;
				SDKROOT = iphoneos;
				SWIFT_COMPILATION_MODE = wholemodule;
				SWIFT_OPTIMIZATION_LEVEL = "-O";
				VALIDATE_PRODUCT = YES;
			};
			name = Release;
		};
		096FE57523ED352E0014A59F /* Debug */ = {
			isa = XCBuildConfiguration;
			baseConfigurationReference = BA462072F579E1F71FA90DB5 /* Pods-RecipeAsia.debug.xcconfig */;
			buildSettings = {
				ASSETCATALOG_COMPILER_APPICON_NAME = AppIcon;
				CODE_SIGN_STYLE = Automatic;
				DEVELOPMENT_TEAM = J34Y5CTZ4L;
				INFOPLIST_FILE = RecipeAsia/Info.plist;
				LD_RUNPATH_SEARCH_PATHS = (
					"$(inherited)",
					"@executable_path/Frameworks",
				);
				PRODUCT_BUNDLE_IDENTIFIER = com.RecipeAsia;
				PRODUCT_NAME = "$(TARGET_NAME)";
				SWIFT_VERSION = 5.0;
				TARGETED_DEVICE_FAMILY = "1,2";
			};
			name = Debug;
		};
		096FE57623ED352E0014A59F /* Release */ = {
			isa = XCBuildConfiguration;
			baseConfigurationReference = 1B23C09D9226E6884856F2F9 /* Pods-RecipeAsia.release.xcconfig */;
			buildSettings = {
				ASSETCATALOG_COMPILER_APPICON_NAME = AppIcon;
				CODE_SIGN_STYLE = Automatic;
				DEVELOPMENT_TEAM = J34Y5CTZ4L;
				INFOPLIST_FILE = RecipeAsia/Info.plist;
				LD_RUNPATH_SEARCH_PATHS = (
					"$(inherited)",
					"@executable_path/Frameworks",
				);
				PRODUCT_BUNDLE_IDENTIFIER = com.RecipeAsia;
				PRODUCT_NAME = "$(TARGET_NAME)";
				SWIFT_VERSION = 5.0;
				TARGETED_DEVICE_FAMILY = "1,2";
			};
			name = Release;
		};
/* End XCBuildConfiguration section */

/* Begin XCConfigurationList section */
		096FE55823ED352B0014A59F /* Build configuration list for PBXProject "RecipeAsia" */ = {
			isa = XCConfigurationList;
			buildConfigurations = (
				096FE57223ED352E0014A59F /* Debug */,
				096FE57323ED352E0014A59F /* Release */,
			);
			defaultConfigurationIsVisible = 0;
			defaultConfigurationName = Release;
		};
		096FE57423ED352E0014A59F /* Build configuration list for PBXNativeTarget "RecipeAsia" */ = {
			isa = XCConfigurationList;
			buildConfigurations = (
				096FE57523ED352E0014A59F /* Debug */,
				096FE57623ED352E0014A59F /* Release */,
			);
			defaultConfigurationIsVisible = 0;
			defaultConfigurationName = Release;
		};
/* End XCConfigurationList section */

/* Begin XCVersionGroup section */
		096FE56923ED352B0014A59F /* RecipeAsia.xcdatamodeld */ = {
			isa = XCVersionGroup;
			children = (
				096FE56A23ED352B0014A59F /* RecipeAsia.xcdatamodel */,
			);
			currentVersion = 096FE56A23ED352B0014A59F /* RecipeAsia.xcdatamodel */;
			path = RecipeAsia.xcdatamodeld;
			sourceTree = "<group>";
			versionGroupType = wrapper.xcdatamodel;
		};
/* End XCVersionGroup section */
	};
	rootObject = 096FE55523ED352B0014A59F /* Project object */;
}
